
Microsoft Visual Studio Solution File, Format Version 12.00
Project("{FAE04EC0-301F-11D3-BF4B-00C04F79EFBC}") = "ConsoleApp1", "ConsoleApp1\ConsoleApp1.csproj", "{18CEB617-DBAF-46F7-9520-574D1C58A384}"
EndProject
Project("{FAE04EC0-301F-11D3-BF4B-00C04F79EFBC}") = "ConsoleApp2", "ConsoleApp2\ConsoleApp2.csproj", "{54C67F9B-BDD5-4AD1-8ACB-A83D2C30C428}"
EndProject
Project("{FAE04EC0-301F-11D3-BF4B-00C04F79EFBC}") = "ConsoleApp3", "ConsoleApp3\ConsoleApp3.csproj", "{B20C6C28-7508-46C3-87F2-1120F2C35B79}"
EndProject
Project("{FAE04EC0-301F-11D3-BF4B-00C04F79EFBC}") = "ConsoleApp4", "ConsoleApp4\ConsoleApp4.csproj", "{BF548842-70EA-454E-855D-60E345A910EC}"
EndProject
Project("{FAE04EC0-301F-11D3-BF4B-00C04F79EFBC}") = "ConsoleApp5", "ConsoleApp5\ConsoleApp5.csproj", "{2CA4E32D-F3B6-410F-94AE-12C356352CD7}"
EndProject
Project("{FAE04EC0-301F-11D3-BF4B-00C04F79EFBC}") = "ConsoleApp27", "ConsoleApp27\ConsoleApp27.csproj", "{C15B473E-A152-4467-8835-D586243F2813}"
EndProject
Project("{FAE04EC0-301F-11D3-BF4B-00C04F79EFBC}") = "ConsoleApp28", "ConsoleApp28\ConsoleApp28.csproj", "{973EE84D-1D55-4B6D-A83C-1FCFE9DACA91}"
EndProject
Project("{FAE04EC0-301F-11D3-BF4B-00C04F79EFBC}") = "ConsoleApp29", "ConsoleApp29\ConsoleApp29.csproj", "{2F3580FD-839F-4829-B9B8-3F316B88B732}"
EndProject
Project("{FAE04EC0-301F-11D3-BF4B-00C04F79EFBC}") = "ConsoleApp30", "ConsoleApp30\ConsoleApp30.csproj", "{D0045003-74BD-4EB4-95C4-0A4C094B2E02}"
EndProject
Project("{FAE04EC0-301F-11D3-BF4B-00C04F79EFBC}") = "ConsoleApp31", "ConsoleApp31\ConsoleApp31.csproj", "{F1F45FEC-7F8D-49ED-835E-A09CBD2281F4}"
EndProject
Project("{FAE04EC0-301F-11D3-BF4B-00C04F79EFBC}") = "ConsoleApp32", "ConsoleApp32\ConsoleApp32.csproj", "{C239A158-FC7E-4099-A5EC-CEE2B53B53F3}"
EndProject
Global
	GlobalSection(SolutionConfigurationPlatforms) = preSolution
		Debug|Any CPU = Debug|Any CPU
		Release|Any CPU = Release|Any CPU
	EndGlobalSection
	GlobalSection(ProjectConfigurationPlatforms) = postSolution
		{18CEB617-DBAF-46F7-9520-574D1C58A384}.Debug|Any CPU.ActiveCfg = Debug|Any CPU
		{18CEB617-DBAF-46F7-9520-574D1C58A384}.Debug|Any CPU.Build.0 = Debug|Any CPU
		{18CEB617-DBAF-46F7-9520-574D1C58A384}.Release|Any CPU.ActiveCfg = Release|Any CPU
		{18CEB617-DBAF-46F7-9520-574D1C58A384}.Release|Any CPU.Build.0 = Release|Any CPU
		{54C67F9B-BDD5-4AD1-8ACB-A83D2C30C428}.Debug|Any CPU.ActiveCfg = Debug|Any CPU
		{54C67F9B-BDD5-4AD1-8ACB-A83D2C30C428}.Debug|Any CPU.Build.0 = Debug|Any CPU
		{54C67F9B-BDD5-4AD1-8ACB-A83D2C30C428}.Release|Any CPU.ActiveCfg = Release|Any CPU
		{54C67F9B-BDD5-4AD1-8ACB-A83D2C30C428}.Release|Any CPU.Build.0 = Release|Any CPU
		{B20C6C28-7508-46C3-87F2-1120F2C35B79}.Debug|Any CPU.ActiveCfg = Debug|Any CPU
		{B20C6C28-7508-46C3-87F2-1120F2C35B79}.Debug|Any CPU.Build.0 = Debug|Any CPU
		{B20C6C28-7508-46C3-87F2-1120F2C35B79}.Release|Any CPU.ActiveCfg = Release|Any CPU
		{B20C6C28-7508-46C3-87F2-1120F2C35B79}.Release|Any CPU.Build.0 = Release|Any CPU
		{BF548842-70EA-454E-855D-60E345A910EC}.Debug|Any CPU.ActiveCfg = Debug|Any CPU
		{BF548842-70EA-454E-855D-60E345A910EC}.Debug|Any CPU.Build.0 = Debug|Any CPU
		{BF548842-70EA-454E-855D-60E345A910EC}.Release|Any CPU.ActiveCfg = Release|Any CPU
		{BF548842-70EA-454E-855D-60E345A910EC}.Release|Any CPU.Build.0 = Release|Any CPU
		{2CA4E32D-F3B6-410F-94AE-12C356352CD7}.Debug|Any CPU.ActiveCfg = Debug|Any CPU
		{2CA4E32D-F3B6-410F-94AE-12C356352CD7}.Debug|Any CPU.Build.0 = Debug|Any CPU
		{2CA4E32D-F3B6-410F-94AE-12C356352CD7}.Release|Any CPU.ActiveCfg = Release|Any CPU
		{2CA4E32D-F3B6-410F-94AE-12C356352CD7}.Release|Any CPU.Build.0 = Release|Any CPU
		{C15B473E-A152-4467-8835-D586243F2813}.Debug|Any CPU.ActiveCfg = Debug|Any CPU
		{C15B473E-A152-4467-8835-D586243F2813}.Debug|Any CPU.Build.0 = Debug|Any CPU
		{C15B473E-A152-4467-8835-D586243F2813}.Release|Any CPU.ActiveCfg = Release|Any CPU
		{C15B473E-A152-4467-8835-D586243F2813}.Release|Any CPU.Build.0 = Release|Any CPU
		{973EE84D-1D55-4B6D-A83C-1FCFE9DACA91}.Debug|Any CPU.ActiveCfg = Debug|Any CPU
		{973EE84D-1D55-4B6D-A83C-1FCFE9DACA91}.Debug|Any CPU.Build.0 = Debug|Any CPU
		{973EE84D-1D55-4B6D-A83C-1FCFE9DACA91}.Release|Any CPU.ActiveCfg = Release|Any CPU
		{973EE84D-1D55-4B6D-A83C-1FCFE9DACA91}.Release|Any CPU.Build.0 = Release|Any CPU
		{2F3580FD-839F-4829-B9B8-3F316B88B732}.Debug|Any CPU.ActiveCfg = Debug|Any CPU
		{2F3580FD-839F-4829-B9B8-3F316B88B732}.Debug|Any CPU.Build.0 = Debug|Any CPU
		{2F3580FD-839F-4829-B9B8-3F316B88B732}.Release|Any CPU.ActiveCfg = Release|Any CPU
		{2F3580FD-839F-4829-B9B8-3F316B88B732}.Release|Any CPU.Build.0 = Release|Any CPU
		{D0045003-74BD-4EB4-95C4-0A4C094B2E02}.Debug|Any CPU.ActiveCfg = Debug|Any CPU
		{D0045003-74BD-4EB4-95C4-0A4C094B2E02}.Debug|Any CPU.Build.0 = Debug|Any CPU
		{D0045003-74BD-4EB4-95C4-0A4C094B2E02}.Release|Any CPU.ActiveCfg = Release|Any CPU
		{D0045003-74BD-4EB4-95C4-0A4C094B2E02}.Release|Any CPU.Build.0 = Release|Any CPU
		{F1F45FEC-7F8D-49ED-835E-A09CBD2281F4}.Debug|Any CPU.ActiveCfg = Debug|Any CPU
		{F1F45FEC-7F8D-49ED-835E-A09CBD2281F4}.Debug|Any CPU.Build.0 = Debug|Any CPU
		{F1F45FEC-7F8D-49ED-835E-A09CBD2281F4}.Release|Any CPU.ActiveCfg = Release|Any CPU
		{F1F45FEC-7F8D-49ED-835E-A09CBD2281F4}.Release|Any CPU.Build.0 = Release|Any CPU
		{C239A158-FC7E-4099-A5EC-CEE2B53B53F3}.Debug|Any CPU.ActiveCfg = Debug|Any CPU
		{C239A158-FC7E-4099-A5EC-CEE2B53B53F3}.Debug|Any CPU.Build.0 = Debug|Any CPU
		{C239A158-FC7E-4099-A5EC-CEE2B53B53F3}.Release|Any CPU.ActiveCfg = Release|Any CPU
		{C239A158-FC7E-4099-A5EC-CEE2B53B53F3}.Release|Any CPU.Build.0 = Release|Any CPU
	EndGlobalSection
EndGlobal
